// !$*UTF8*$!
{
	archiveVersion = 1;
	classes = {
	};
	objectVersion = 56;
	objects = {

/* Begin PBXBuildFile section */
		45544C812AF15A7900B81F7F /* YorkURecApp.swift in Sources */ = {isa = PBXBuildFile; fileRef = 45544C802AF15A7900B81F7F /* YorkURecApp.swift */; };
		45544C832AF15A7900B81F7F /* ContentView.swift in Sources */ = {isa = PBXBuildFile; fileRef = 45544C822AF15A7900B81F7F /* ContentView.swift */; };
		45544C852AF15A7900B81F7F /* Assets.xcassets in Resources */ = {isa = PBXBuildFile; fileRef = 45544C842AF15A7900B81F7F /* Assets.xcassets */; };
		45544C882AF15A7900B81F7F /* Preview Assets.xcassets in Resources */ = {isa = PBXBuildFile; fileRef = 45544C872AF15A7900B81F7F /* Preview Assets.xcassets */; };
		45544C902AF15B0500B81F7F /* ScheduleModel.swift in Sources */ = {isa = PBXBuildFile; fileRef = 45544C8F2AF15B0500B81F7F /* ScheduleModel.swift */; };
		45544C922AF15B5000B81F7F /* NotificationModel.swift in Sources */ = {isa = PBXBuildFile; fileRef = 45544C912AF15B5000B81F7F /* NotificationModel.swift */; };
		45544C982AF15C0400B81F7F /* Mock+Extensions.swift in Sources */ = {isa = PBXBuildFile; fileRef = 45544C972AF15C0400B81F7F /* Mock+Extensions.swift */; };
		45544C992AF15C1800B81F7F /* notification.json in Resources */ = {isa = PBXBuildFile; fileRef = 45544C942AF15BA700B81F7F /* notification.json */; };
		45544C9A2AF15C1800B81F7F /* schedule.json in Resources */ = {isa = PBXBuildFile; fileRef = 45544C952AF15BA700B81F7F /* schedule.json */; };
		45544C9D2AF15C7B00B81F7F /* ScheduleView.swift in Sources */ = {isa = PBXBuildFile; fileRef = 45544C9C2AF15C7B00B81F7F /* ScheduleView.swift */; };
		45544C9F2AF15D2000B81F7F /* Date+Extensions.swift in Sources */ = {isa = PBXBuildFile; fileRef = 45544C9E2AF15D2000B81F7F /* Date+Extensions.swift */; };
		45544CA52AF17D8200B81F7F /* DynamicIsland in Frameworks */ = {isa = PBXBuildFile; productRef = 45544CA42AF17D8200B81F7F /* DynamicIsland */; };
		45544CA72AF1843100B81F7F /* NotificationView.swift in Sources */ = {isa = PBXBuildFile; fileRef = 45544CA62AF1843100B81F7F /* NotificationView.swift */; };
/* End PBXBuildFile section */

/* Begin PBXFileReference section */
		45544C7D2AF15A7900B81F7F /* YorkURec.app */ = {isa = PBXFileReference; explicitFileType = wrapper.application; includeInIndex = 0; path = YorkURec.app; sourceTree = BUILT_PRODUCTS_DIR; };
		45544C802AF15A7900B81F7F /* YorkURecApp.swift */ = {isa = PBXFileReference; lastKnownFileType = sourcecode.swift; path = YorkURecApp.swift; sourceTree = "<group>"; };
		45544C822AF15A7900B81F7F /* ContentView.swift */ = {isa = PBXFileReference; lastKnownFileType = sourcecode.swift; path = ContentView.swift; sourceTree = "<group>"; };
		45544C842AF15A7900B81F7F /* Assets.xcassets */ = {isa = PBXFileReference; lastKnownFileType = folder.assetcatalog; path = Assets.xcassets; sourceTree = "<group>"; };
		45544C872AF15A7900B81F7F /* Preview Assets.xcassets */ = {isa = PBXFileReference; lastKnownFileType = folder.assetcatalog; path = "Preview Assets.xcassets"; sourceTree = "<group>"; };
		45544C8F2AF15B0500B81F7F /* ScheduleModel.swift */ = {isa = PBXFileReference; lastKnownFileType = sourcecode.swift; path = ScheduleModel.swift; sourceTree = "<group>"; };
		45544C912AF15B5000B81F7F /* NotificationModel.swift */ = {isa = PBXFileReference; lastKnownFileType = sourcecode.swift; path = NotificationModel.swift; sourceTree = "<group>"; };
		45544C942AF15BA700B81F7F /* notification.json */ = {isa = PBXFileReference; lastKnownFileType = text.json; path = notification.json; sourceTree = "<group>"; };
		45544C952AF15BA700B81F7F /* schedule.json */ = {isa = PBXFileReference; lastKnownFileType = text.json; path = schedule.json; sourceTree = "<group>"; };
		45544C972AF15C0400B81F7F /* Mock+Extensions.swift */ = {isa = PBXFileReference; lastKnownFileType = sourcecode.swift; path = "Mock+Extensions.swift"; sourceTree = "<group>"; };
		45544C9C2AF15C7B00B81F7F /* ScheduleView.swift */ = {isa = PBXFileReference; lastKnownFileType = sourcecode.swift; path = ScheduleView.swift; sourceTree = "<group>"; };
		45544C9E2AF15D2000B81F7F /* Date+Extensions.swift */ = {isa = PBXFileReference; lastKnownFileType = sourcecode.swift; path = "Date+Extensions.swift"; sourceTree = "<group>"; };
		45544CA22AF1782C00B81F7F /* Info.plist */ = {isa = PBXFileReference; lastKnownFileType = text.plist; path = Info.plist; sourceTree = "<group>"; };
		45544CA62AF1843100B81F7F /* NotificationView.swift */ = {isa = PBXFileReference; lastKnownFileType = sourcecode.swift; path = NotificationView.swift; sourceTree = "<group>"; };
/* End PBXFileReference section */

/* Begin PBXFrameworksBuildPhase section */
		45544C7A2AF15A7900B81F7F /* Frameworks */ = {
			isa = PBXFrameworksBuildPhase;
			buildActionMask = 2147483647;
			files = (
				45544CA52AF17D8200B81F7F /* DynamicIsland in Frameworks */,
			);
			runOnlyForDeploymentPostprocessing = 0;
		};
/* End PBXFrameworksBuildPhase section */

/* Begin PBXGroup section */
		45544C742AF15A7900B81F7F = {
			isa = PBXGroup;
			children = (
				45544C7F2AF15A7900B81F7F /* YorkURec */,
				45544C7E2AF15A7900B81F7F /* Products */,
			);
			sourceTree = "<group>";
		};
		45544C7E2AF15A7900B81F7F /* Products */ = {
			isa = PBXGroup;
			children = (
				45544C7D2AF15A7900B81F7F /* YorkURec.app */,
			);
			name = Products;
			sourceTree = "<group>";
		};
		45544C7F2AF15A7900B81F7F /* YorkURec */ = {
			isa = PBXGroup;
			children = (
				45544CA22AF1782C00B81F7F /* Info.plist */,
				45544C802AF15A7900B81F7F /* YorkURecApp.swift */,
				45544C9B2AF15C7000B81F7F /* Views */,
				45544C962AF15BFD00B81F7F /* Extensions */,
				45544C8E2AF15AF900B81F7F /* Models */,
				45544C842AF15A7900B81F7F /* Assets.xcassets */,
				45544C862AF15A7900B81F7F /* Preview Content */,
			);
			path = YorkURec;
			sourceTree = "<group>";
		};
		45544C862AF15A7900B81F7F /* Preview Content */ = {
			isa = PBXGroup;
			children = (
				45544C872AF15A7900B81F7F /* Preview Assets.xcassets */,
			);
			path = "Preview Content";
			sourceTree = "<group>";
		};
		45544C8E2AF15AF900B81F7F /* Models */ = {
			isa = PBXGroup;
			children = (
				45544C932AF15B9D00B81F7F /* mock */,
				45544C8F2AF15B0500B81F7F /* ScheduleModel.swift */,
				45544C912AF15B5000B81F7F /* NotificationModel.swift */,
			);
			path = Models;
			sourceTree = "<group>";
		};
		45544C932AF15B9D00B81F7F /* mock */ = {
			isa = PBXGroup;
			children = (
				45544C942AF15BA700B81F7F /* notification.json */,
				45544C952AF15BA700B81F7F /* schedule.json */,
			);
			path = mock;
			sourceTree = "<group>";
		};
		45544C962AF15BFD00B81F7F /* Extensions */ = {
			isa = PBXGroup;
			children = (
				45544C972AF15C0400B81F7F /* Mock+Extensions.swift */,
				45544C9E2AF15D2000B81F7F /* Date+Extensions.swift */,
			);
			path = Extensions;
			sourceTree = "<group>";
		};
		45544C9B2AF15C7000B81F7F /* Views */ = {
			isa = PBXGroup;
			children = (
				45544C822AF15A7900B81F7F /* ContentView.swift */,
				45544CA62AF1843100B81F7F /* NotificationView.swift */,
				45544C9C2AF15C7B00B81F7F /* ScheduleView.swift */,
			);
			path = Views;
			sourceTree = "<group>";
		};
/* End PBXGroup section */

/* Begin PBXNativeTarget section */
		45544C7C2AF15A7900B81F7F /* YorkURec */ = {
			isa = PBXNativeTarget;
			buildConfigurationList = 45544C8B2AF15A7900B81F7F /* Build configuration list for PBXNativeTarget "YorkURec" */;
			buildPhases = (
				45544C792AF15A7900B81F7F /* Sources */,
				45544C7A2AF15A7900B81F7F /* Frameworks */,
				45544C7B2AF15A7900B81F7F /* Resources */,
			);
			buildRules = (
			);
			dependencies = (
			);
			name = YorkURec;
			packageProductDependencies = (
				45544CA42AF17D8200B81F7F /* DynamicIsland */,
			);
			productName = YorkURec;
			productReference = 45544C7D2AF15A7900B81F7F /* YorkURec.app */;
			productType = "com.apple.product-type.application";
		};
/* End PBXNativeTarget section */

/* Begin PBXProject section */
		45544C752AF15A7900B81F7F /* Project object */ = {
			isa = PBXProject;
			attributes = {
				BuildIndependentTargetsInParallel = 1;
				LastSwiftUpdateCheck = 1500;
				LastUpgradeCheck = 1500;
				TargetAttributes = {
					45544C7C2AF15A7900B81F7F = {
						CreatedOnToolsVersion = 15.0;
					};
				};
			};
			buildConfigurationList = 45544C782AF15A7900B81F7F /* Build configuration list for PBXProject "YorkURec" */;
			compatibilityVersion = "Xcode 14.0";
			developmentRegion = en;
			hasScannedForEncodings = 0;
			knownRegions = (
				en,
				Base,
			);
			mainGroup = 45544C742AF15A7900B81F7F;
			packageReferences = (
				45544CA32AF17D8200B81F7F /* XCRemoteSwiftPackageReference "DynamicIsland" */,
			);
			productRefGroup = 45544C7E2AF15A7900B81F7F /* Products */;
			projectDirPath = "";
			projectRoot = "";
			targets = (
				45544C7C2AF15A7900B81F7F /* YorkURec */,
			);
		};
/* End PBXProject section */

/* Begin PBXResourcesBuildPhase section */
		45544C7B2AF15A7900B81F7F /* Resources */ = {
			isa = PBXResourcesBuildPhase;
			buildActionMask = 2147483647;
			files = (
				45544C882AF15A7900B81F7F /* Preview Assets.xcassets in Resources */,
				45544C992AF15C1800B81F7F /* notification.json in Resources */,
				45544C9A2AF15C1800B81F7F /* schedule.json in Resources */,
				45544C852AF15A7900B81F7F /* Assets.xcassets in Resources */,
			);
			runOnlyForDeploymentPostprocessing = 0;
		};
/* End PBXResourcesBuildPhase section */

/* Begin PBXSourcesBuildPhase section */
		45544C792AF15A7900B81F7F /* Sources */ = {
			isa = PBXSourcesBuildPhase;
			buildActionMask = 2147483647;
			files = (
				45544C832AF15A7900B81F7F /* ContentView.swift in Sources */,
				45544C812AF15A7900B81F7F /* YorkURecApp.swift in Sources */,
				45544C982AF15C0400B81F7F /* Mock+Extensions.swift in Sources */,
				45544CA72AF1843100B81F7F /* NotificationView.swift in Sources */,
				45544C922AF15B5000B81F7F /* NotificationModel.swift in Sources */,
				45544C902AF15B0500B81F7F /* ScheduleModel.swift in Sources */,
				45544C9D2AF15C7B00B81F7F /* ScheduleView.swift in Sources */,
				45544C9F2AF15D2000B81F7F /* Date+Extensions.swift in Sources */,
			);
			runOnlyForDeploymentPostprocessing = 0;
		};
/* End PBXSourcesBuildPhase section */

/* Begin XCBuildConfiguration section */
		45544C892AF15A7900B81F7F /* Debug */ = {
			isa = XCBuildConfiguration;
			buildSettings = {
				ALWAYS_SEARCH_USER_PATHS = NO;
				ASSETCATALOG_COMPILER_GENERATE_SWIFT_ASSET_SYMBOL_EXTENSIONS = YES;
				CLANG_ANALYZER_NONNULL = YES;
				CLANG_ANALYZER_NUMBER_OBJECT_CONVERSION = YES_AGGRESSIVE;
				CLANG_CXX_LANGUAGE_STANDARD = "gnu++20";
				CLANG_ENABLE_MODULES = YES;
				CLANG_ENABLE_OBJC_ARC = YES;
				CLANG_ENABLE_OBJC_WEAK = YES;
				CLANG_WARN_BLOCK_CAPTURE_AUTORELEASING = YES;
				CLANG_WARN_BOOL_CONVERSION = YES;
				CLANG_WARN_COMMA = YES;
				CLANG_WARN_CONSTANT_CONVERSION = YES;
				CLANG_WARN_DEPRECATED_OBJC_IMPLEMENTATIONS = YES;
				CLANG_WARN_DIRECT_OBJC_ISA_USAGE = YES_ERROR;
				CLANG_WARN_DOCUMENTATION_COMMENTS = YES;
				CLANG_WARN_EMPTY_BODY = YES;
				CLANG_WARN_ENUM_CONVERSION = YES;
				CLANG_WARN_INFINITE_RECURSION = YES;
				CLANG_WARN_INT_CONVERSION = YES;
				CLANG_WARN_NON_LITERAL_NULL_CONVERSION = YES;
				CLANG_WARN_OBJC_IMPLICIT_RETAIN_SELF = YES;
				CLANG_WARN_OBJC_LITERAL_CONVERSION = YES;
				CLANG_WARN_OBJC_ROOT_CLASS = YES_ERROR;
				CLANG_WARN_QUOTED_INCLUDE_IN_FRAMEWORK_HEADER = YES;
				CLANG_WARN_RANGE_LOOP_ANALYSIS = YES;
				CLANG_WARN_STRICT_PROTOTYPES = YES;
				CLANG_WARN_SUSPICIOUS_MOVE = YES;
				CLANG_WARN_UNGUARDED_AVAILABILITY = YES_AGGRESSIVE;
				CLANG_WARN_UNREACHABLE_CODE = YES;
				CLANG_WARN__DUPLICATE_METHOD_MATCH = YES;
				COPY_PHASE_STRIP = NO;
				DEBUG_INFORMATION_FORMAT = dwarf;
				ENABLE_STRICT_OBJC_MSGSEND = YES;
				ENABLE_TESTABILITY = YES;
				ENABLE_USER_SCRIPT_SANDBOXING = YES;
				GCC_C_LANGUAGE_STANDARD = gnu17;
				GCC_DYNAMIC_NO_PIC = NO;
				GCC_NO_COMMON_BLOCKS = YES;
				GCC_OPTIMIZATION_LEVEL = 0;
				GCC_PREPROCESSOR_DEFINITIONS = (
					"DEBUG=1",
					"$(inherited)",
				);
				GCC_WARN_64_TO_32_BIT_CONVERSION = YES;
				GCC_WARN_ABOUT_RETURN_TYPE = YES_ERROR;
				GCC_WARN_UNDECLARED_SELECTOR = YES;
				GCC_WARN_UNINITIALIZED_AUTOS = YES_AGGRESSIVE;
				GCC_WARN_UNUSED_FUNCTION = YES;
				GCC_WARN_UNUSED_VARIABLE = YES;
				IPHONEOS_DEPLOYMENT_TARGET = 17.0;
				LOCALIZATION_PREFERS_STRING_CATALOGS = YES;
				MTL_ENABLE_DEBUG_INFO = INCLUDE_SOURCE;
				MTL_FAST_MATH = YES;
				ONLY_ACTIVE_ARCH = YES;
				SDKROOT = iphoneos;
				SWIFT_ACTIVE_COMPILATION_CONDITIONS = "DEBUG $(inherited)";
				SWIFT_OPTIMIZATION_LEVEL = "-Onone";
			};
			name = Debug;
		};
		45544C8A2AF15A7900B81F7F /* Release */ = {
			isa = XCBuildConfiguration;
			buildSettings = {
				ALWAYS_SEARCH_USER_PATHS = NO;
				ASSETCATALOG_COMPILER_GENERATE_SWIFT_ASSET_SYMBOL_EXTENSIONS = YES;
				CLANG_ANALYZER_NONNULL = YES;
				CLANG_ANALYZER_NUMBER_OBJECT_CONVERSION = YES_AGGRESSIVE;
				CLANG_CXX_LANGUAGE_STANDARD = "gnu++20";
				CLANG_ENABLE_MODULES = YES;
				CLANG_ENABLE_OBJC_ARC = YES;
				CLANG_ENABLE_OBJC_WEAK = YES;
				CLANG_WARN_BLOCK_CAPTURE_AUTORELEASING = YES;
				CLANG_WARN_BOOL_CONVERSION = YES;
				CLANG_WARN_COMMA = YES;
				CLANG_WARN_CONSTANT_CONVERSION = YES;
				CLANG_WARN_DEPRECATED_OBJC_IMPLEMENTATIONS = YES;
				CLANG_WARN_DIRECT_OBJC_ISA_USAGE = YES_ERROR;
				CLANG_WARN_DOCUMENTATION_COMMENTS = YES;
				CLANG_WARN_EMPTY_BODY = YES;
				CLANG_WARN_ENUM_CONVERSION = YES;
				CLANG_WARN_INFINITE_RECURSION = YES;
				CLANG_WARN_INT_CONVERSION = YES;
				CLANG_WARN_NON_LITERAL_NULL_CONVERSION = YES;
				CLANG_WARN_OBJC_IMPLICIT_RETAIN_SELF = YES;
				CLANG_WARN_OBJC_LITERAL_CONVERSION = YES;
				CLANG_WARN_OBJC_ROOT_CLASS = YES_ERROR;
				CLANG_WARN_QUOTED_INCLUDE_IN_FRAMEWORK_HEADER = YES;
				CLANG_WARN_RANGE_LOOP_ANALYSIS = YES;
				CLANG_WARN_STRICT_PROTOTYPES = YES;
				CLANG_WARN_SUSPICIOUS_MOVE = YES;
				CLANG_WARN_UNGUARDED_AVAILABILITY = YES_AGGRESSIVE;
				CLANG_WARN_UNREACHABLE_CODE = YES;
				CLANG_WARN__DUPLICATE_METHOD_MATCH = YES;
				COPY_PHASE_STRIP = NO;
				DEBUG_INFORMATION_FORMAT = "dwarf-with-dsym";
				ENABLE_NS_ASSERTIONS = NO;
				ENABLE_STRICT_OBJC_MSGSEND = YES;
				ENABLE_USER_SCRIPT_SANDBOXING = YES;
				GCC_C_LANGUAGE_STANDARD = gnu17;
				GCC_NO_COMMON_BLOCKS = YES;
				GCC_WARN_64_TO_32_BIT_CONVERSION = YES;
				GCC_WARN_ABOUT_RETURN_TYPE = YES_ERROR;
				GCC_WARN_UNDECLARED_SELECTOR = YES;
				GCC_WARN_UNINITIALIZED_AUTOS = YES_AGGRESSIVE;
				GCC_WARN_UNUSED_FUNCTION = YES;
				GCC_WARN_UNUSED_VARIABLE = YES;
				IPHONEOS_DEPLOYMENT_TARGET = 17.0;
				LOCALIZATION_PREFERS_STRING_CATALOGS = YES;
				MTL_ENABLE_DEBUG_INFO = NO;
				MTL_FAST_MATH = YES;
				SDKROOT = iphoneos;
				SWIFT_COMPILATION_MODE = wholemodule;
				VALIDATE_PRODUCT = YES;
			};
			name = Release;
		};
		45544C8C2AF15A7900B81F7F /* Debug */ = {
			isa = XCBuildConfiguration;
			buildSettings = {
				ASSETCATALOG_COMPILER_APPICON_NAME = AppIcon;
				ASSETCATALOG_COMPILER_GLOBAL_ACCENT_COLOR_NAME = AccentColor;
				CODE_SIGN_STYLE = Automatic;
				CURRENT_PROJECT_VERSION = 1;
				DEVELOPMENT_ASSET_PATHS = "\"YorkURec/Preview Content\"";
				DEVELOPMENT_TEAM = 4538W4A79B;
				ENABLE_PREVIEWS = YES;
				GENERATE_INFOPLIST_FILE = YES;
				INFOPLIST_FILE = YorkURec/Info.plist;
				INFOPLIST_KEY_NSCalendarsUsageDescription = "uwu Add stuff to calendar.";
				INFOPLIST_KEY_UIApplicationSceneManifest_Generation = YES;
				INFOPLIST_KEY_UIApplicationSupportsIndirectInputEvents = YES;
				INFOPLIST_KEY_UILaunchScreen_Generation = YES;
				INFOPLIST_KEY_UISupportedInterfaceOrientations_iPad = "UIInterfaceOrientationPortrait UIInterfaceOrientationPortraitUpsideDown UIInterfaceOrientationLandscapeLeft UIInterfaceOrientationLandscapeRight";
				INFOPLIST_KEY_UISupportedInterfaceOrientations_iPhone = "UIInterfaceOrientationPortrait UIInterfaceOrientationLandscapeLeft UIInterfaceOrientationLandscapeRight";
				LD_RUNPATH_SEARCH_PATHS = (
					"$(inherited)",
					"@executable_path/Frameworks",
				);
				MARKETING_VERSION = 1.0;
				PRODUCT_BUNDLE_IDENTIFIER = com.aayush.opensource.YorkURec;
				PRODUCT_NAME = "$(TARGET_NAME)";
				SWIFT_EMIT_LOC_STRINGS = YES;
				SWIFT_VERSION = 5.0;
				TARGETED_DEVICE_FAMILY = "1,2";
			};
			name = Debug;
		};
		45544C8D2AF15A7900B81F7F /* Release */ = {
			isa = XCBuildConfiguration;
			buildSettings = {
				ASSETCATALOG_COMPILER_APPICON_NAME = AppIcon;
				ASSETCATALOG_COMPILER_GLOBAL_ACCENT_COLOR_NAME = AccentColor;
				CODE_SIGN_STYLE = Automatic;
				CURRENT_PROJECT_VERSION = 1;
				DEVELOPMENT_ASSET_PATHS = "\"YorkURec/Preview Content\"";
				DEVELOPMENT_TEAM = 4538W4A79B;
				ENABLE_PREVIEWS = YES;
				GENERATE_INFOPLIST_FILE = YES;
				INFOPLIST_FILE = YorkURec/Info.plist;
				INFOPLIST_KEY_NSCalendarsUsageDescription = "uwu Add stuff to calendar.";
				INFOPLIST_KEY_UIApplicationSceneManifest_Generation = YES;
				INFOPLIST_KEY_UIApplicationSupportsIndirectInputEvents = YES;
				INFOPLIST_KEY_UILaunchScreen_Generation = YES;
				INFOPLIST_KEY_UISupportedInterfaceOrientations_iPad = "UIInterfaceOrientationPortrait UIInterfaceOrientationPortraitUpsideDown UIInterfaceOrientationLandscapeLeft UIInterfaceOrientationLandscapeRight";
				INFOPLIST_KEY_UISupportedInterfaceOrientations_iPhone = "UIInterfaceOrientationPortrait UIInterfaceOrientationLandscapeLeft UIInterfaceOrientationLandscapeRight";
				LD_RUNPATH_SEARCH_PATHS = (
					"$(inherited)",
					"@executable_path/Frameworks",
				);
				MARKETING_VERSION = 1.0;
				PRODUCT_BUNDLE_IDENTIFIER = com.aayush.opensource.YorkURec;
				PRODUCT_NAME = "$(TARGET_NAME)";
				SWIFT_EMIT_LOC_STRINGS = YES;
				SWIFT_VERSION = 5.0;
				TARGETED_DEVICE_FAMILY = "1,2";
			};
			name = Release;
		};
/* End XCBuildConfiguration section */

/* Begin XCConfigurationList section */
		45544C782AF15A7900B81F7F /* Build configuration list for PBXProject "YorkURec" */ = {
			isa = XCConfigurationList;
			buildConfigurations = (
				45544C892AF15A7900B81F7F /* Debug */,
				45544C8A2AF15A7900B81F7F /* Release */,
			);
			defaultConfigurationIsVisible = 0;
			defaultConfigurationName = Release;
		};
		45544C8B2AF15A7900B81F7F /* Build configuration list for PBXNativeTarget "YorkURec" */ = {
			isa = XCConfigurationList;
			buildConfigurations = (
				45544C8C2AF15A7900B81F7F /* Debug */,
				45544C8D2AF15A7900B81F7F /* Release */,
			);
			defaultConfigurationIsVisible = 0;
			defaultConfigurationName = Release;
		};
/* End XCConfigurationList section */

/* Begin XCRemoteSwiftPackageReference section */
		45544CA32AF17D8200B81F7F /* XCRemoteSwiftPackageReference "DynamicIsland" */ = {
			isa = XCRemoteSwiftPackageReference;
			repositoryURL = "https://github.com/Aayush9029/DynamicIsland.git";
			requirement = {
				branch = main;
				kind = branch;
			};
		};
/* End XCRemoteSwiftPackageReference section */

/* Begin XCSwiftPackageProductDependency section */
		45544CA42AF17D8200B81F7F /* DynamicIsland */ = {
			isa = XCSwiftPackageProductDependency;
			package = 45544CA32AF17D8200B81F7F /* XCRemoteSwiftPackageReference "DynamicIsland" */;
			productName = DynamicIsland;
		};
/* End XCSwiftPackageProductDependency section */
	};
	rootObject = 45544C752AF15A7900B81F7F /* Project object */;
}
